// !$*UTF8*$!
{
	archiveVersion = 1;
	classes = {
	};
	objectVersion = 50;
	objects = {

/* Begin PBXBuildFile section */
		34E54E50A6168BE521C6ADA7 /* Pods_Memo.framework in Frameworks */ = {isa = PBXBuildFile; fileRef = D82AA89D7A02FC5CB6AF9C20 /* Pods_Memo.framework */; };
		A06A44F5221924C9009F4BF4 /* CSLogButton.swift in Sources */ = {isa = PBXBuildFile; fileRef = A06A44F4221924C9009F4BF4 /* CSLogButton.swift */; };
		A06A44F722192663009F4BF4 /* button-bg.png in Resources */ = {isa = PBXBuildFile; fileRef = A06A44F622192663009F4BF4 /* button-bg.png */; };
		A06A44FA221928B1009F4BF4 /* memo-background@2x.png in Resources */ = {isa = PBXBuildFile; fileRef = A06A44F8221928B1009F4BF4 /* memo-background@2x.png */; };
		A06A44FB221928B1009F4BF4 /* warning-icon-60@2x.png in Resources */ = {isa = PBXBuildFile; fileRef = A06A44F9221928B1009F4BF4 /* warning-icon-60@2x.png */; };
		A06DD7B12212C4EA0028B332 /* AppDelegate.swift in Sources */ = {isa = PBXBuildFile; fileRef = A06DD7B02212C4EA0028B332 /* AppDelegate.swift */; };
		A06DD7B62212C4EA0028B332 /* Main.storyboard in Resources */ = {isa = PBXBuildFile; fileRef = A06DD7B42212C4EA0028B332 /* Main.storyboard */; };
		A06DD7B92212C4EA0028B332 /* Memo.xcdatamodeld in Sources */ = {isa = PBXBuildFile; fileRef = A06DD7B72212C4EA0028B332 /* Memo.xcdatamodeld */; };
		A06DD7BB2212C4EA0028B332 /* Assets.xcassets in Resources */ = {isa = PBXBuildFile; fileRef = A06DD7BA2212C4EA0028B332 /* Assets.xcassets */; };
		A06DD7BE2212C4EA0028B332 /* LaunchScreen.storyboard in Resources */ = {isa = PBXBuildFile; fileRef = A06DD7BC2212C4EA0028B332 /* LaunchScreen.storyboard */; };
		A095DCE92213F33A00384BE6 /* MemoFormVC.swift in Sources */ = {isa = PBXBuildFile; fileRef = A095DCE82213F33A00384BE6 /* MemoFormVC.swift */; };
		A095DCEB2213F35700384BE6 /* MemoListVC.swift in Sources */ = {isa = PBXBuildFile; fileRef = A095DCEA2213F35700384BE6 /* MemoListVC.swift */; };
		A095DCED2213F36D00384BE6 /* MemoReadVC.swift in Sources */ = {isa = PBXBuildFile; fileRef = A095DCEC2213F36D00384BE6 /* MemoReadVC.swift */; };
		A095DCEF2213F3EC00384BE6 /* MemoCell.swift in Sources */ = {isa = PBXBuildFile; fileRef = A095DCEE2213F3EC00384BE6 /* MemoCell.swift */; };
		A095DCF12213F4B700384BE6 /* MemoData.swift in Sources */ = {isa = PBXBuildFile; fileRef = A095DCF02213F4B700384BE6 /* MemoData.swift */; };
		A0AED6C9221BA8650043BB0A /* SWRevealViewController.m in Sources */ = {isa = PBXBuildFile; fileRef = A0AED6C8221BA8650043BB0A /* SWRevealViewController.m */; };
		A0AED6D3221BA8D30043BB0A /* icon06.png in Resources */ = {isa = PBXBuildFile; fileRef = A0AED6CA221BA8D20043BB0A /* icon06.png */; };
		A0AED6D4221BA8D30043BB0A /* profile-bg.png in Resources */ = {isa = PBXBuildFile; fileRef = A0AED6CB221BA8D20043BB0A /* profile-bg.png */; };
		A0AED6D5221BA8D30043BB0A /* icon02.png in Resources */ = {isa = PBXBuildFile; fileRef = A0AED6CC221BA8D20043BB0A /* icon02.png */; };
		A0AED6D6221BA8D30043BB0A /* icon04.png in Resources */ = {isa = PBXBuildFile; fileRef = A0AED6CD221BA8D20043BB0A /* icon04.png */; };
		A0AED6D7221BA8D30043BB0A /* icon05.png in Resources */ = {isa = PBXBuildFile; fileRef = A0AED6CE221BA8D20043BB0A /* icon05.png */; };
		A0AED6D8221BA8D30043BB0A /* icon03.png in Resources */ = {isa = PBXBuildFile; fileRef = A0AED6CF221BA8D20043BB0A /* icon03.png */; };
		A0AED6D9221BA8D30043BB0A /* icon01.png in Resources */ = {isa = PBXBuildFile; fileRef = A0AED6D0221BA8D20043BB0A /* icon01.png */; };
		A0AED6DA221BA8D30043BB0A /* sidemenu.png in Resources */ = {isa = PBXBuildFile; fileRef = A0AED6D1221BA8D20043BB0A /* sidemenu.png */; };
		A0AED6DB221BA8D30043BB0A /* account@2x.jpg in Resources */ = {isa = PBXBuildFile; fileRef = A0AED6D2221BA8D20043BB0A /* account@2x.jpg */; };
		A0AED6DD221BABE90043BB0A /* SideBarVC.swift in Sources */ = {isa = PBXBuildFile; fileRef = A0AED6DC221BABE90043BB0A /* SideBarVC.swift */; };
		A0AED6DF221BB83D0043BB0A /* ProfileVC.swift in Sources */ = {isa = PBXBuildFile; fileRef = A0AED6DE221BB83D0043BB0A /* ProfileVC.swift */; };
		A0D02DBF221E7D3D003022B6 /* UserInfoManager.swift in Sources */ = {isa = PBXBuildFile; fileRef = A0D02DBE221E7D3D003022B6 /* UserInfoManager.swift */; };
		A0D02DC1221EA85F003022B6 /* Tutorial.storyboard in Resources */ = {isa = PBXBuildFile; fileRef = A0D02DC0221EA85F003022B6 /* Tutorial.storyboard */; };
		A0D02DC3221EAE10003022B6 /* Utils.swift in Sources */ = {isa = PBXBuildFile; fileRef = A0D02DC2221EAE10003022B6 /* Utils.swift */; };
		A0D02DC5221EB095003022B6 /* TutorialContentsVC.swift in Sources */ = {isa = PBXBuildFile; fileRef = A0D02DC4221EB095003022B6 /* TutorialContentsVC.swift */; };
		A0D02DC8221EB443003022B6 /* TutorialMasterVC.swift in Sources */ = {isa = PBXBuildFile; fileRef = A0D02DC7221EB443003022B6 /* TutorialMasterVC.swift */; };
		A0FBAF1A222A624F00B47D10 /* MemoDAO.swift in Sources */ = {isa = PBXBuildFile; fileRef = A0FBAF19222A624F00B47D10 /* MemoDAO.swift */; };
/* End PBXBuildFile section */

/* Begin PBXFileReference section */
		121834A507070BD64E775494 /* Pods-Memo.release.xcconfig */ = {isa = PBXFileReference; includeInIndex = 1; lastKnownFileType = text.xcconfig; name = "Pods-Memo.release.xcconfig"; path = "Target Support Files/Pods-Memo/Pods-Memo.release.xcconfig"; sourceTree = "<group>"; };
		85A89D621E0CA4D954B1E0CE /* Pods-Memo.debug.xcconfig */ = {isa = PBXFileReference; includeInIndex = 1; lastKnownFileType = text.xcconfig; name = "Pods-Memo.debug.xcconfig"; path = "Target Support Files/Pods-Memo/Pods-Memo.debug.xcconfig"; sourceTree = "<group>"; };
		A06A44F4221924C9009F4BF4 /* CSLogButton.swift */ = {isa = PBXFileReference; lastKnownFileType = sourcecode.swift; path = CSLogButton.swift; sourceTree = "<group>"; };
		A06A44F622192663009F4BF4 /* button-bg.png */ = {isa = PBXFileReference; lastKnownFileType = image.png; path = "button-bg.png"; sourceTree = "<group>"; };
		A06A44F8221928B1009F4BF4 /* memo-background@2x.png */ = {isa = PBXFileReference; lastKnownFileType = image.png; path = "memo-background@2x.png"; sourceTree = "<group>"; };
		A06A44F9221928B1009F4BF4 /* warning-icon-60@2x.png */ = {isa = PBXFileReference; lastKnownFileType = image.png; path = "warning-icon-60@2x.png"; sourceTree = "<group>"; };
		A06DD7AD2212C4E90028B332 /* Memo.app */ = {isa = PBXFileReference; explicitFileType = wrapper.application; includeInIndex = 0; path = Memo.app; sourceTree = BUILT_PRODUCTS_DIR; };
		A06DD7B02212C4EA0028B332 /* AppDelegate.swift */ = {isa = PBXFileReference; lastKnownFileType = sourcecode.swift; path = AppDelegate.swift; sourceTree = "<group>"; };
		A06DD7B52212C4EA0028B332 /* Base */ = {isa = PBXFileReference; lastKnownFileType = file.storyboard; name = Base; path = Base.lproj/Main.storyboard; sourceTree = "<group>"; };
		A06DD7B82212C4EA0028B332 /* Memo.xcdatamodel */ = {isa = PBXFileReference; lastKnownFileType = wrapper.xcdatamodel; path = Memo.xcdatamodel; sourceTree = "<group>"; };
		A06DD7BA2212C4EA0028B332 /* Assets.xcassets */ = {isa = PBXFileReference; lastKnownFileType = folder.assetcatalog; path = Assets.xcassets; sourceTree = "<group>"; };
		A06DD7BD2212C4EA0028B332 /* Base */ = {isa = PBXFileReference; lastKnownFileType = file.storyboard; name = Base; path = Base.lproj/LaunchScreen.storyboard; sourceTree = "<group>"; };
		A06DD7BF2212C4EA0028B332 /* Info.plist */ = {isa = PBXFileReference; lastKnownFileType = text.plist.xml; path = Info.plist; sourceTree = "<group>"; };
		A095DCE82213F33A00384BE6 /* MemoFormVC.swift */ = {isa = PBXFileReference; lastKnownFileType = sourcecode.swift; path = MemoFormVC.swift; sourceTree = "<group>"; };
		A095DCEA2213F35700384BE6 /* MemoListVC.swift */ = {isa = PBXFileReference; lastKnownFileType = sourcecode.swift; path = MemoListVC.swift; sourceTree = "<group>"; };
		A095DCEC2213F36D00384BE6 /* MemoReadVC.swift */ = {isa = PBXFileReference; lastKnownFileType = sourcecode.swift; path = MemoReadVC.swift; sourceTree = "<group>"; };
		A095DCEE2213F3EC00384BE6 /* MemoCell.swift */ = {isa = PBXFileReference; lastKnownFileType = sourcecode.swift; path = MemoCell.swift; sourceTree = "<group>"; };
		A095DCF02213F4B700384BE6 /* MemoData.swift */ = {isa = PBXFileReference; lastKnownFileType = sourcecode.swift; path = MemoData.swift; sourceTree = "<group>"; };
		A095F49A22143E210080A892 /* fountainpen@2x.png */ = {isa = PBXFileReference; lastKnownFileType = image.png; path = "fountainpen@2x.png"; sourceTree = "<group>"; };
		A0AED6C6221BA8640043BB0A /* Memo-Bridging-Header.h */ = {isa = PBXFileReference; lastKnownFileType = sourcecode.c.h; path = "Memo-Bridging-Header.h"; sourceTree = "<group>"; };
		A0AED6C7221BA8650043BB0A /* SWRevealViewController.h */ = {isa = PBXFileReference; fileEncoding = 4; lastKnownFileType = sourcecode.c.h; name = SWRevealViewController.h; path = "../../../../Downloads/Swift-Practice-master/Chapter04/SWRevealViewController.h"; sourceTree = "<group>"; };
		A0AED6C8221BA8650043BB0A /* SWRevealViewController.m */ = {isa = PBXFileReference; fileEncoding = 4; lastKnownFileType = sourcecode.c.objc; name = SWRevealViewController.m; path = "../../../../Downloads/Swift-Practice-master/Chapter04/SWRevealViewController.m"; sourceTree = "<group>"; };
		A0AED6CA221BA8D20043BB0A /* icon06.png */ = {isa = PBXFileReference; lastKnownFileType = image.png; path = icon06.png; sourceTree = "<group>"; };
		A0AED6CB221BA8D20043BB0A /* profile-bg.png */ = {isa = PBXFileReference; lastKnownFileType = image.png; path = "profile-bg.png"; sourceTree = "<group>"; };
		A0AED6CC221BA8D20043BB0A /* icon02.png */ = {isa = PBXFileReference; lastKnownFileType = image.png; path = icon02.png; sourceTree = "<group>"; };
		A0AED6CD221BA8D20043BB0A /* icon04.png */ = {isa = PBXFileReference; lastKnownFileType = image.png; path = icon04.png; sourceTree = "<group>"; };
		A0AED6CE221BA8D20043BB0A /* icon05.png */ = {isa = PBXFileReference; lastKnownFileType = image.png; path = icon05.png; sourceTree = "<group>"; };
		A0AED6CF221BA8D20043BB0A /* icon03.png */ = {isa = PBXFileReference; lastKnownFileType = image.png; path = icon03.png; sourceTree = "<group>"; };
		A0AED6D0221BA8D20043BB0A /* icon01.png */ = {isa = PBXFileReference; lastKnownFileType = image.png; path = icon01.png; sourceTree = "<group>"; };
		A0AED6D1221BA8D20043BB0A /* sidemenu.png */ = {isa = PBXFileReference; lastKnownFileType = image.png; path = sidemenu.png; sourceTree = "<group>"; };
		A0AED6D2221BA8D20043BB0A /* account@2x.jpg */ = {isa = PBXFileReference; lastKnownFileType = image.jpeg; path = "account@2x.jpg"; sourceTree = "<group>"; };
		A0AED6DC221BABE90043BB0A /* SideBarVC.swift */ = {isa = PBXFileReference; lastKnownFileType = sourcecode.swift; path = SideBarVC.swift; sourceTree = "<group>"; };
		A0AED6DE221BB83D0043BB0A /* ProfileVC.swift */ = {isa = PBXFileReference; lastKnownFileType = sourcecode.swift; path = ProfileVC.swift; sourceTree = "<group>"; };
		A0D02DBE221E7D3D003022B6 /* UserInfoManager.swift */ = {isa = PBXFileReference; lastKnownFileType = sourcecode.swift; path = UserInfoManager.swift; sourceTree = "<group>"; };
		A0D02DC0221EA85F003022B6 /* Tutorial.storyboard */ = {isa = PBXFileReference; lastKnownFileType = file.storyboard; path = Tutorial.storyboard; sourceTree = "<group>"; };
		A0D02DC2221EAE10003022B6 /* Utils.swift */ = {isa = PBXFileReference; lastKnownFileType = sourcecode.swift; path = Utils.swift; sourceTree = "<group>"; };
		A0D02DC4221EB095003022B6 /* TutorialContentsVC.swift */ = {isa = PBXFileReference; lastKnownFileType = sourcecode.swift; path = TutorialContentsVC.swift; sourceTree = "<group>"; };
		A0D02DC7221EB443003022B6 /* TutorialMasterVC.swift */ = {isa = PBXFileReference; lastKnownFileType = sourcecode.swift; path = TutorialMasterVC.swift; sourceTree = "<group>"; };
		A0FBAF19222A624F00B47D10 /* MemoDAO.swift */ = {isa = PBXFileReference; lastKnownFileType = sourcecode.swift; path = MemoDAO.swift; sourceTree = "<group>"; };
		D82AA89D7A02FC5CB6AF9C20 /* Pods_Memo.framework */ = {isa = PBXFileReference; explicitFileType = wrapper.framework; includeInIndex = 0; path = Pods_Memo.framework; sourceTree = BUILT_PRODUCTS_DIR; };
/* End PBXFileReference section */

/* Begin PBXFrameworksBuildPhase section */
		A06DD7AA2212C4E90028B332 /* Frameworks */ = {
			isa = PBXFrameworksBuildPhase;
			buildActionMask = 2147483647;
			files = (
				34E54E50A6168BE521C6ADA7 /* Pods_Memo.framework in Frameworks */,
			);
			runOnlyForDeploymentPostprocessing = 0;
		};
/* End PBXFrameworksBuildPhase section */

/* Begin PBXGroup section */
		3284B8018562139A2F499E07 /* Frameworks */ = {
			isa = PBXGroup;
			children = (
				D82AA89D7A02FC5CB6AF9C20 /* Pods_Memo.framework */,
			);
			name = Frameworks;
			sourceTree = "<group>";
		};
		5681DEE22DBA96108438F934 /* Pods */ = {
			isa = PBXGroup;
			children = (
				85A89D621E0CA4D954B1E0CE /* Pods-Memo.debug.xcconfig */,
				121834A507070BD64E775494 /* Pods-Memo.release.xcconfig */,
			);
			name = Pods;
			path = Pods;
			sourceTree = "<group>";
		};
		A06DD7A42212C4E90028B332 = {
			isa = PBXGroup;
			children = (
				A095F49922143DB40080A892 /* Resources */,
				A06DD7AF2212C4E90028B332 /* Memo */,
				A06DD7AE2212C4E90028B332 /* Products */,
				5681DEE22DBA96108438F934 /* Pods */,
				3284B8018562139A2F499E07 /* Frameworks */,
			);
			sourceTree = "<group>";
		};
		A06DD7AE2212C4E90028B332 /* Products */ = {
			isa = PBXGroup;
			children = (
				A06DD7AD2212C4E90028B332 /* Memo.app */,
			);
			name = Products;
			sourceTree = "<group>";
		};
		A06DD7AF2212C4E90028B332 /* Memo */ = {
			isa = PBXGroup;
			children = (
				A0D02DC6221EB0C5003022B6 /* Tutorial */,
				A06DD7B02212C4EA0028B332 /* AppDelegate.swift */,
				A0AED6C7221BA8650043BB0A /* SWRevealViewController.h */,
				A0AED6C8221BA8650043BB0A /* SWRevealViewController.m */,
				A06DD7B42212C4EA0028B332 /* Main.storyboard */,
				A095DCF02213F4B700384BE6 /* MemoData.swift */,
				A0FBAF19222A624F00B47D10 /* MemoDAO.swift */,
				A095DCEE2213F3EC00384BE6 /* MemoCell.swift */,
				A06DD7BA2212C4EA0028B332 /* Assets.xcassets */,
				A06DD7BC2212C4EA0028B332 /* LaunchScreen.storyboard */,
				A06DD7BF2212C4EA0028B332 /* Info.plist */,
				A06DD7B72212C4EA0028B332 /* Memo.xcdatamodeld */,
				A095DCE82213F33A00384BE6 /* MemoFormVC.swift */,
				A06A44F4221924C9009F4BF4 /* CSLogButton.swift */,
				A095DCEA2213F35700384BE6 /* MemoListVC.swift */,
				A0AED6DC221BABE90043BB0A /* SideBarVC.swift */,
				A0D02DBE221E7D3D003022B6 /* UserInfoManager.swift */,
				A0AED6DE221BB83D0043BB0A /* ProfileVC.swift */,
				A095DCEC2213F36D00384BE6 /* MemoReadVC.swift */,
				A0AED6C6221BA8640043BB0A /* Memo-Bridging-Header.h */,
			);
			path = Memo;
			sourceTree = "<group>";
		};
		A095F49922143DB40080A892 /* Resources */ = {
			isa = PBXGroup;
			children = (
				A0AED6D2221BA8D20043BB0A /* account@2x.jpg */,
				A0AED6D0221BA8D20043BB0A /* icon01.png */,
				A0AED6CC221BA8D20043BB0A /* icon02.png */,
				A0AED6CF221BA8D20043BB0A /* icon03.png */,
				A0AED6CD221BA8D20043BB0A /* icon04.png */,
				A0AED6CE221BA8D20043BB0A /* icon05.png */,
				A0AED6CA221BA8D20043BB0A /* icon06.png */,
				A0AED6CB221BA8D20043BB0A /* profile-bg.png */,
				A0AED6D1221BA8D20043BB0A /* sidemenu.png */,
				A06A44F622192663009F4BF4 /* button-bg.png */,
				A095F49A22143E210080A892 /* fountainpen@2x.png */,
				A06A44F8221928B1009F4BF4 /* memo-background@2x.png */,
				A06A44F9221928B1009F4BF4 /* warning-icon-60@2x.png */,
			);
			path = Resources;
			sourceTree = "<group>";
		};
		A0D02DC6221EB0C5003022B6 /* Tutorial */ = {
			isa = PBXGroup;
			children = (
				A0D02DC4221EB095003022B6 /* TutorialContentsVC.swift */,
				A0D02DC2221EAE10003022B6 /* Utils.swift */,
				A0D02DC7221EB443003022B6 /* TutorialMasterVC.swift */,
				A0D02DC0221EA85F003022B6 /* Tutorial.storyboard */,
			);
			path = Tutorial;
			sourceTree = "<group>";
		};
/* End PBXGroup section */

/* Begin PBXNativeTarget section */
		A06DD7AC2212C4E90028B332 /* Memo */ = {
			isa = PBXNativeTarget;
			buildConfigurationList = A06DD7C22212C4EA0028B332 /* Build configuration list for PBXNativeTarget "Memo" */;
			buildPhases = (
				226ADD7D13F65309BE2EFAE4 /* [CP] Check Pods Manifest.lock */,
				A06DD7A92212C4E90028B332 /* Sources */,
				A06DD7AA2212C4E90028B332 /* Frameworks */,
				A06DD7AB2212C4E90028B332 /* Resources */,
				77A19F10C17DBE8B2A34A2C1 /* [CP] Embed Pods Frameworks */,
			);
			buildRules = (
			);
			dependencies = (
			);
			name = Memo;
			productName = Memo;
			productReference = A06DD7AD2212C4E90028B332 /* Memo.app */;
			productType = "com.apple.product-type.application";
		};
/* End PBXNativeTarget section */

/* Begin PBXProject section */
		A06DD7A52212C4E90028B332 /* Project object */ = {
			isa = PBXProject;
			attributes = {
				LastSwiftUpdateCheck = 1010;
				LastUpgradeCheck = 1010;
				ORGANIZATIONNAME = Kiwook;
				TargetAttributes = {
					A06DD7AC2212C4E90028B332 = {
						CreatedOnToolsVersion = 10.1;
						LastSwiftMigration = 1010;
					};
				};
			};
			buildConfigurationList = A06DD7A82212C4E90028B332 /* Build configuration list for PBXProject "Memo" */;
			compatibilityVersion = "Xcode 9.3";
			developmentRegion = en;
			hasScannedForEncodings = 0;
			knownRegions = (
				en,
				Base,
			);
			mainGroup = A06DD7A42212C4E90028B332;
			productRefGroup = A06DD7AE2212C4E90028B332 /* Products */;
			projectDirPath = "";
			projectRoot = "";
			targets = (
				A06DD7AC2212C4E90028B332 /* Memo */,
			);
		};
/* End PBXProject section */

/* Begin PBXResourcesBuildPhase section */
		A06DD7AB2212C4E90028B332 /* Resources */ = {
			isa = PBXResourcesBuildPhase;
			buildActionMask = 2147483647;
			files = (
				A0AED6D4221BA8D30043BB0A /* profile-bg.png in Resources */,
				A06A44FA221928B1009F4BF4 /* memo-background@2x.png in Resources */,
				A06DD7BE2212C4EA0028B332 /* LaunchScreen.storyboard in Resources */,
				A0AED6D7221BA8D30043BB0A /* icon05.png in Resources */,
				A06DD7BB2212C4EA0028B332 /* Assets.xcassets in Resources */,
				A0AED6D6221BA8D30043BB0A /* icon04.png in Resources */,
				A0AED6D9221BA8D30043BB0A /* icon01.png in Resources */,
				A0AED6D5221BA8D30043BB0A /* icon02.png in Resources */,
				A06A44F722192663009F4BF4 /* button-bg.png in Resources */,
				A06A44FB221928B1009F4BF4 /* warning-icon-60@2x.png in Resources */,
				A0AED6D8221BA8D30043BB0A /* icon03.png in Resources */,
				A06DD7B62212C4EA0028B332 /* Main.storyboard in Resources */,
				A0AED6DB221BA8D30043BB0A /* account@2x.jpg in Resources */,
				A0AED6D3221BA8D30043BB0A /* icon06.png in Resources */,
				A0D02DC1221EA85F003022B6 /* Tutorial.storyboard in Resources */,
				A0AED6DA221BA8D30043BB0A /* sidemenu.png in Resources */,
			);
			runOnlyForDeploymentPostprocessing = 0;
		};
/* End PBXResourcesBuildPhase section */

/* Begin PBXShellScriptBuildPhase section */
		226ADD7D13F65309BE2EFAE4 /* [CP] Check Pods Manifest.lock */ = {
			isa = PBXShellScriptBuildPhase;
			buildActionMask = 2147483647;
			files = (
			);
			inputFileListPaths = (
			);
			inputPaths = (
				"${PODS_PODFILE_DIR_PATH}/Podfile.lock",
				"${PODS_ROOT}/Manifest.lock",
			);
			name = "[CP] Check Pods Manifest.lock";
			outputFileListPaths = (
			);
			outputPaths = (
				"$(DERIVED_FILE_DIR)/Pods-Memo-checkManifestLockResult.txt",
			);
			runOnlyForDeploymentPostprocessing = 0;
			shellPath = /bin/sh;
			shellScript = "diff \"${PODS_PODFILE_DIR_PATH}/Podfile.lock\" \"${PODS_ROOT}/Manifest.lock\" > /dev/null\nif [ $? != 0 ] ; then\n    # print error to STDERR\n    echo \"error: The sandbox is not in sync with the Podfile.lock. Run 'pod install' or update your CocoaPods installation.\" >&2\n    exit 1\nfi\n# This output is used by Xcode 'outputs' to avoid re-running this script phase.\necho \"SUCCESS\" > \"${SCRIPT_OUTPUT_FILE_0}\"\n";
			showEnvVarsInLog = 0;
		};
		77A19F10C17DBE8B2A34A2C1 /* [CP] Embed Pods Frameworks */ = {
			isa = PBXShellScriptBuildPhase;
			buildActionMask = 2147483647;
			files = (
			);
			inputFileListPaths = (
			);
			inputPaths = (
				"${PODS_ROOT}/Target Support Files/Pods-Memo/Pods-Memo-frameworks.sh",
				"${BUILT_PRODUCTS_DIR}/Alamofire/Alamofire.framework",
			);
			name = "[CP] Embed Pods Frameworks";
			outputFileListPaths = (
			);
			outputPaths = (
				"${TARGET_BUILD_DIR}/${FRAMEWORKS_FOLDER_PATH}/Alamofire.framework",
			);
			runOnlyForDeploymentPostprocessing = 0;
			shellPath = /bin/sh;
			shellScript = "\"${PODS_ROOT}/Target Support Files/Pods-Memo/Pods-Memo-frameworks.sh\"\n";
			showEnvVarsInLog = 0;
		};
/* End PBXShellScriptBuildPhase section */

/* Begin PBXSourcesBuildPhase section */
		A06DD7A92212C4E90028B332 /* Sources */ = {
			isa = PBXSourcesBuildPhase;
			buildActionMask = 2147483647;
			files = (
				A06A44F5221924C9009F4BF4 /* CSLogButton.swift in Sources */,
				A06DD7B92212C4EA0028B332 /* Memo.xcdatamodeld in Sources */,
				A0D02DBF221E7D3D003022B6 /* UserInfoManager.swift in Sources */,
				A095DCED2213F36D00384BE6 /* MemoReadVC.swift in Sources */,
				A095DCE92213F33A00384BE6 /* MemoFormVC.swift in Sources */,
				A0D02DC3221EAE10003022B6 /* Utils.swift in Sources */,
				A095DCF12213F4B700384BE6 /* MemoData.swift in Sources */,
				A0AED6DD221BABE90043BB0A /* SideBarVC.swift in Sources */,
				A0D02DC5221EB095003022B6 /* TutorialContentsVC.swift in Sources */,
				A0AED6C9221BA8650043BB0A /* SWRevealViewController.m in Sources */,
				A0FBAF1A222A624F00B47D10 /* MemoDAO.swift in Sources */,
				A095DCEB2213F35700384BE6 /* MemoListVC.swift in Sources */,
				A06DD7B12212C4EA0028B332 /* AppDelegate.swift in Sources */,
				A0D02DC8221EB443003022B6 /* TutorialMasterVC.swift in Sources */,
				A0AED6DF221BB83D0043BB0A /* ProfileVC.swift in Sources */,
				A095DCEF2213F3EC00384BE6 /* MemoCell.swift in Sources */,
			);
			runOnlyForDeploymentPostprocessing = 0;
		};
/* End PBXSourcesBuildPhase section */

/* Begin PBXVariantGroup section */
		A06DD7B42212C4EA0028B332 /* Main.storyboard */ = {
			isa = PBXVariantGroup;
			children = (
				A06DD7B52212C4EA0028B332 /* Base */,
			);
			name = Main.storyboard;
			sourceTree = "<group>";
		};
		A06DD7BC2212C4EA0028B332 /* LaunchScreen.storyboard */ = {
			isa = PBXVariantGroup;
			children = (
				A06DD7BD2212C4EA0028B332 /* Base */,
			);
			name = LaunchScreen.storyboard;
			sourceTree = "<group>";
		};
/* End PBXVariantGroup section */

/* Begin XCBuildConfiguration section */
		A06DD7C02212C4EA0028B332 /* Debug */ = {
			isa = XCBuildConfiguration;
			buildSettings = {
				ALWAYS_SEARCH_USER_PATHS = NO;
				CLANG_ANALYZER_NONNULL = YES;
				CLANG_ANALYZER_NUMBER_OBJECT_CONVERSION = YES_AGGRESSIVE;
				CLANG_CXX_LANGUAGE_STANDARD = "gnu++14";
				CLANG_CXX_LIBRARY = "libc++";
				CLANG_ENABLE_MODULES = YES;
				CLANG_ENABLE_OBJC_ARC = YES;
				CLANG_ENABLE_OBJC_WEAK = YES;
				CLANG_WARN_BLOCK_CAPTURE_AUTORELEASING = YES;
				CLANG_WARN_BOOL_CONVERSION = YES;
				CLANG_WARN_COMMA = YES;
				CLANG_WARN_CONSTANT_CONVERSION = YES;
				CLANG_WARN_DEPRECATED_OBJC_IMPLEMENTATIONS = YES;
				CLANG_WARN_DIRECT_OBJC_ISA_USAGE = YES_ERROR;
				CLANG_WARN_DOCUMENTATION_COMMENTS = YES;
				CLANG_WARN_EMPTY_BODY = YES;
				CLANG_WARN_ENUM_CONVERSION = YES;
				CLANG_WARN_INFINITE_RECURSION = YES;
				CLANG_WARN_INT_CONVERSION = YES;
				CLANG_WARN_NON_LITERAL_NULL_CONVERSION = YES;
				CLANG_WARN_OBJC_IMPLICIT_RETAIN_SELF = YES;
				CLANG_WARN_OBJC_LITERAL_CONVERSION = YES;
				CLANG_WARN_OBJC_ROOT_CLASS = YES_ERROR;
				CLANG_WARN_RANGE_LOOP_ANALYSIS = YES;
				CLANG_WARN_STRICT_PROTOTYPES = YES;
				CLANG_WARN_SUSPICIOUS_MOVE = YES;
				CLANG_WARN_UNGUARDED_AVAILABILITY = YES_AGGRESSIVE;
				CLANG_WARN_UNREACHABLE_CODE = YES;
				CLANG_WARN__DUPLICATE_METHOD_MATCH = YES;
				CODE_SIGN_IDENTITY = "iPhone Developer";
				COPY_PHASE_STRIP = NO;
				DEBUG_INFORMATION_FORMAT = dwarf;
				ENABLE_STRICT_OBJC_MSGSEND = YES;
				ENABLE_TESTABILITY = YES;
				GCC_C_LANGUAGE_STANDARD = gnu11;
				GCC_DYNAMIC_NO_PIC = NO;
				GCC_NO_COMMON_BLOCKS = YES;
				GCC_OPTIMIZATION_LEVEL = 0;
				GCC_PREPROCESSOR_DEFINITIONS = (
					"DEBUG=1",
					"$(inherited)",
				);
				GCC_WARN_64_TO_32_BIT_CONVERSION = YES;
				GCC_WARN_ABOUT_RETURN_TYPE = YES_ERROR;
				GCC_WARN_UNDECLARED_SELECTOR = YES;
				GCC_WARN_UNINITIALIZED_AUTOS = YES_AGGRESSIVE;
				GCC_WARN_UNUSED_FUNCTION = YES;
				GCC_WARN_UNUSED_VARIABLE = YES;
				IPHONEOS_DEPLOYMENT_TARGET = 12.1;
				MTL_ENABLE_DEBUG_INFO = INCLUDE_SOURCE;
				MTL_FAST_MATH = YES;
				ONLY_ACTIVE_ARCH = YES;
				SDKROOT = iphoneos;
				SWIFT_ACTIVE_COMPILATION_CONDITIONS = DEBUG;
				SWIFT_OPTIMIZATION_LEVEL = "-Onone";
			};
			name = Debug;
		};
		A06DD7C12212C4EA0028B332 /* Release */ = {
			isa = XCBuildConfiguration;
			buildSettings = {
				ALWAYS_SEARCH_USER_PATHS = NO;
				CLANG_ANALYZER_NONNULL = YES;
				CLANG_ANALYZER_NUMBER_OBJECT_CONVERSION = YES_AGGRESSIVE;
				CLANG_CXX_LANGUAGE_STANDARD = "gnu++14";
				CLANG_CXX_LIBRARY = "libc++";
				CLANG_ENABLE_MODULES = YES;
				CLANG_ENABLE_OBJC_ARC = YES;
				CLANG_ENABLE_OBJC_WEAK = YES;
				CLANG_WARN_BLOCK_CAPTURE_AUTORELEASING = YES;
				CLANG_WARN_BOOL_CONVERSION = YES;
				CLANG_WARN_COMMA = YES;
				CLANG_WARN_CONSTANT_CONVERSION = YES;
				CLANG_WARN_DEPRECATED_OBJC_IMPLEMENTATIONS = YES;
				CLANG_WARN_DIRECT_OBJC_ISA_USAGE = YES_ERROR;
				CLANG_WARN_DOCUMENTATION_COMMENTS = YES;
				CLANG_WARN_EMPTY_BODY = YES;
				CLANG_WARN_ENUM_CONVERSION = YES;
				CLANG_WARN_INFINITE_RECURSION = YES;
				CLANG_WARN_INT_CONVERSION = YES;
				CLANG_WARN_NON_LITERAL_NULL_CONVERSION = YES;
				CLANG_WARN_OBJC_IMPLICIT_RETAIN_SELF = YES;
				CLANG_WARN_OBJC_LITERAL_CONVERSION = YES;
				CLANG_WARN_OBJC_ROOT_CLASS = YES_ERROR;
				CLANG_WARN_RANGE_LOOP_ANALYSIS = YES;
				CLANG_WARN_STRICT_PROTOTYPES = YES;
				CLANG_WARN_SUSPICIOUS_MOVE = YES;
				CLANG_WARN_UNGUARDED_AVAILABILITY = YES_AGGRESSIVE;
				CLANG_WARN_UNREACHABLE_CODE = YES;
				CLANG_WARN__DUPLICATE_METHOD_MATCH = YES;
				CODE_SIGN_IDENTITY = "iPhone Developer";
				COPY_PHASE_STRIP = NO;
				DEBUG_INFORMATION_FORMAT = "dwarf-with-dsym";
				ENABLE_NS_ASSERTIONS = NO;
				ENABLE_STRICT_OBJC_MSGSEND = YES;
				GCC_C_LANGUAGE_STANDARD = gnu11;
				GCC_NO_COMMON_BLOCKS = YES;
				GCC_WARN_64_TO_32_BIT_CONVERSION = YES;
				GCC_WARN_ABOUT_RETURN_TYPE = YES_ERROR;
				GCC_WARN_UNDECLARED_SELECTOR = YES;
				GCC_WARN_UNINITIALIZED_AUTOS = YES_AGGRESSIVE;
				GCC_WARN_UNUSED_FUNCTION = YES;
				GCC_WARN_UNUSED_VARIABLE = YES;
				IPHONEOS_DEPLOYMENT_TARGET = 12.1;
				MTL_ENABLE_DEBUG_INFO = NO;
				MTL_FAST_MATH = YES;
				SDKROOT = iphoneos;
				SWIFT_COMPILATION_MODE = wholemodule;
				SWIFT_OPTIMIZATION_LEVEL = "-O";
				VALIDATE_PRODUCT = YES;
			};
			name = Release;
		};
		A06DD7C32212C4EA0028B332 /* Debug */ = {
			isa = XCBuildConfiguration;
			baseConfigurationReference = 85A89D621E0CA4D954B1E0CE /* Pods-Memo.debug.xcconfig */;
			buildSettings = {
				ASSETCATALOG_COMPILER_APPICON_NAME = AppIcon;
				CLANG_ENABLE_MODULES = YES;
				CODE_SIGN_STYLE = Automatic;
				DEVELOPMENT_TEAM = HZ26D79YNZ;
				INFOPLIST_FILE = Memo/Info.plist;
				IPHONEOS_DEPLOYMENT_TARGET = 11.0;
				LD_RUNPATH_SEARCH_PATHS = (
					"$(inherited)",
					"@executable_path/Frameworks",
				);
				PRODUCT_BUNDLE_IDENTIFIER = "Kiwook-Swift.Memo";
				PRODUCT_NAME = "$(TARGET_NAME)";
				SWIFT_OBJC_BRIDGING_HEADER = "Memo/Memo-Bridging-Header.h";
				SWIFT_OPTIMIZATION_LEVEL = "-Onone";
				SWIFT_VERSION = 4.2;
				TARGETED_DEVICE_FAMILY = 1;
			};
			name = Debug;
		};
		A06DD7C42212C4EA0028B332 /* Release */ = {
			isa = XCBuildConfiguration;
			baseConfigurationReference = 121834A507070BD64E775494 /* Pods-Memo.release.xcconfig */;
			buildSettings = {
				ASSETCATALOG_COMPILER_APPICON_NAME = AppIcon;
				CLANG_ENABLE_MODULES = YES;
				CODE_SIGN_STYLE = Automatic;
				DEVELOPMENT_TEAM = HZ26D79YNZ;
				INFOPLIST_FILE = Memo/Info.plist;
				IPHONEOS_DEPLOYMENT_TARGET = 11.0;
				LD_RUNPATH_SEARCH_PATHS = (
					"$(inherited)",
					"@executable_path/Frameworks",
				);
				PRODUCT_BUNDLE_IDENTIFIER = "Kiwook-Swift.Memo";
				PRODUCT_NAME = "$(TARGET_NAME)";
				SWIFT_OBJC_BRIDGING_HEADER = "Memo/Memo-Bridging-Header.h";
				SWIFT_VERSION = 4.2;
				TARGETED_DEVICE_FAMILY = 1;
			};
			name = Release;
		};
/* End XCBuildConfiguration section */

/* Begin XCConfigurationList section */
		A06DD7A82212C4E90028B332 /* Build configuration list for PBXProject "Memo" */ = {
			isa = XCConfigurationList;
			buildConfigurations = (
				A06DD7C02212C4EA0028B332 /* Debug */,
				A06DD7C12212C4EA0028B332 /* Release */,
			);
			defaultConfigurationIsVisible = 0;
			defaultConfigurationName = Release;
		};
		A06DD7C22212C4EA0028B332 /* Build configuration list for PBXNativeTarget "Memo" */ = {
			isa = XCConfigurationList;
			buildConfigurations = (
				A06DD7C32212C4EA0028B332 /* Debug */,
				A06DD7C42212C4EA0028B332 /* Release */,
			);
			defaultConfigurationIsVisible = 0;
			defaultConfigurationName = Release;
		};
/* End XCConfigurationList section */

/* Begin XCVersionGroup section */
		A06DD7B72212C4EA0028B332 /* Memo.xcdatamodeld */ = {
			isa = XCVersionGroup;
			children = (
				A06DD7B82212C4EA0028B332 /* Memo.xcdatamodel */,
			);
			currentVersion = A06DD7B82212C4EA0028B332 /* Memo.xcdatamodel */;
			path = Memo.xcdatamodeld;
			sourceTree = "<group>";
			versionGroupType = wrapper.xcdatamodel;
		};
/* End XCVersionGroup section */
	};
	rootObject = A06DD7A52212C4E90028B332 /* Project object */;
}
